
Microsoft Visual Studio Solution File, Format Version 12.00
# Visual Studio Version 17
VisualStudioVersion = 17.9.34607.119
MinimumVisualStudioVersion = 10.0.40219.1
Project("{9A19103F-16F7-4668-BE54-9A1E7A4F7556}") = "ApiManeroColor", "ApiManeroColor\ApiManeroColor.csproj", "{D16A8E07-C1A7-49EF-A343-349350C4DF2C}"
EndProject
Project("{FAE04EC0-301F-11D3-BF4B-00C04F79EFBC}") = "TestColorApi", "TestColorApi\TestColorApi.csproj", "{6DBAA3A5-86F9-4F9F-8382-1E5F5791687D}"
EndProject
Global
	GlobalSection(SolutionConfigurationPlatforms) = preSolution
		Debug|Any CPU = Debug|Any CPU
		Release|Any CPU = Release|Any CPU
	EndGlobalSection
	GlobalSection(ProjectConfigurationPlatforms) = postSolution
		{D16A8E07-C1A7-49EF-A343-349350C4DF2C}.Debug|Any CPU.ActiveCfg = Debug|Any CPU
		{D16A8E07-C1A7-49EF-A343-349350C4DF2C}.Debug|Any CPU.Build.0 = Debug|Any CPU
		{D16A8E07-C1A7-49EF-A343-349350C4DF2C}.Release|Any CPU.ActiveCfg = Release|Any CPU
		{D16A8E07-C1A7-49EF-A343-349350C4DF2C}.Release|Any CPU.Build.0 = Release|Any CPU
		{6DBAA3A5-86F9-4F9F-8382-1E5F5791687D}.Debug|Any CPU.ActiveCfg = Debug|Any CPU
		{6DBAA3A5-86F9-4F9F-8382-1E5F5791687D}.Debug|Any CPU.Build.0 = Debug|Any CPU
		{6DBAA3A5-86F9-4F9F-8382-1E5F5791687D}.Release|Any CPU.ActiveCfg = Release|Any CPU
		{6DBAA3A5-86F9-4F9F-8382-1E5F5791687D}.Release|Any CPU.Build.0 = Release|Any CPU
	EndGlobalSection
	GlobalSection(SolutionProperties) = preSolution
		HideSolutionNode = FALSE
	EndGlobalSection
	GlobalSection(ExtensibilityGlobals) = postSolution
		SolutionGuid = {90C5E468-0A68-4351-AB6B-7AB8BAF6B34C}
	EndGlobalSection
EndGlobal
